// !$*UTF8*$!
{
	archiveVersion = 1;
	classes = {
	};
	objectVersion = 50;
	objects = {

/* Begin PBXBuildFile section */
		27664F4624443DD3001EF88C /* AppDelegate.swift in Sources */ = {isa = PBXBuildFile; fileRef = 27664F4524443DD3001EF88C /* AppDelegate.swift */; };
		27664F4824443DD3001EF88C /* SceneDelegate.swift in Sources */ = {isa = PBXBuildFile; fileRef = 27664F4724443DD3001EF88C /* SceneDelegate.swift */; };
		27664F4A24443DD3001EF88C /* ContentView.swift in Sources */ = {isa = PBXBuildFile; fileRef = 27664F4924443DD3001EF88C /* ContentView.swift */; };
		27664F4C24443DD5001EF88C /* Assets.xcassets in Resources */ = {isa = PBXBuildFile; fileRef = 27664F4B24443DD5001EF88C /* Assets.xcassets */; };
		27664F4F24443DD5001EF88C /* Preview Assets.xcassets in Resources */ = {isa = PBXBuildFile; fileRef = 27664F4E24443DD5001EF88C /* Preview Assets.xcassets */; };
		27664F5224443DD5001EF88C /* LaunchScreen.storyboard in Resources */ = {isa = PBXBuildFile; fileRef = 27664F5024443DD5001EF88C /* LaunchScreen.storyboard */; };
		27664F5A2444409E001EF88C /* Dish.swift in Sources */ = {isa = PBXBuildFile; fileRef = 27664F592444409E001EF88C /* Dish.swift */; };
		27664F5C244441C6001EF88C /* Array+Extensions.swift in Sources */ = {isa = PBXBuildFile; fileRef = 27664F5B244441C6001EF88C /* Array+Extensions.swift */; };
/* End PBXBuildFile section */

/* Begin PBXFileReference section */
		27664F4224443DD3001EF88C /* 02_Grid.app */ = {isa = PBXFileReference; explicitFileType = wrapper.application; includeInIndex = 0; path = 02_Grid.app; sourceTree = BUILT_PRODUCTS_DIR; };
		27664F4524443DD3001EF88C /* AppDelegate.swift */ = {isa = PBXFileReference; lastKnownFileType = sourcecode.swift; path = AppDelegate.swift; sourceTree = "<group>"; };
		27664F4724443DD3001EF88C /* SceneDelegate.swift */ = {isa = PBXFileReference; lastKnownFileType = sourcecode.swift; path = SceneDelegate.swift; sourceTree = "<group>"; };
		27664F4924443DD3001EF88C /* ContentView.swift */ = {isa = PBXFileReference; lastKnownFileType = sourcecode.swift; path = ContentView.swift; sourceTree = "<group>"; };
		27664F4B24443DD5001EF88C /* Assets.xcassets */ = {isa = PBXFileReference; lastKnownFileType = folder.assetcatalog; path = Assets.xcassets; sourceTree = "<group>"; };
		27664F4E24443DD5001EF88C /* Preview Assets.xcassets */ = {isa = PBXFileReference; lastKnownFileType = folder.assetcatalog; path = "Preview Assets.xcassets"; sourceTree = "<group>"; };
		27664F5124443DD5001EF88C /* Base */ = {isa = PBXFileReference; lastKnownFileType = file.storyboard; name = Base; path = Base.lproj/LaunchScreen.storyboard; sourceTree = "<group>"; };
		27664F5324443DD5001EF88C /* Info.plist */ = {isa = PBXFileReference; lastKnownFileType = text.plist.xml; path = Info.plist; sourceTree = "<group>"; };
		27664F592444409E001EF88C /* Dish.swift */ = {isa = PBXFileReference; lastKnownFileType = sourcecode.swift; path = Dish.swift; sourceTree = "<group>"; };
		27664F5B244441C6001EF88C /* Array+Extensions.swift */ = {isa = PBXFileReference; lastKnownFileType = sourcecode.swift; path = "Array+Extensions.swift"; sourceTree = "<group>"; };
/* End PBXFileReference section */

/* Begin PBXFrameworksBuildPhase section */
		27664F3F24443DD3001EF88C /* Frameworks */ = {
			isa = PBXFrameworksBuildPhase;
			buildActionMask = 2147483647;
			files = (
			);
			runOnlyForDeploymentPostprocessing = 0;
		};
/* End PBXFrameworksBuildPhase section */

/* Begin PBXGroup section */
		27664F3924443DD3001EF88C = {
			isa = PBXGroup;
			children = (
				27664F4424443DD3001EF88C /* 02_Grid */,
				27664F4324443DD3001EF88C /* Products */,
			);
			sourceTree = "<group>";
		};
		27664F4324443DD3001EF88C /* Products */ = {
			isa = PBXGroup;
			children = (
				27664F4224443DD3001EF88C /* 02_Grid.app */,
			);
			name = Products;
			sourceTree = "<group>";
		};
		27664F4424443DD3001EF88C /* 02_Grid */ = {
			isa = PBXGroup;
			children = (
				27664F4524443DD3001EF88C /* AppDelegate.swift */,
				27664F4724443DD3001EF88C /* SceneDelegate.swift */,
				27664F4924443DD3001EF88C /* ContentView.swift */,
				27664F592444409E001EF88C /* Dish.swift */,
				27664F5B244441C6001EF88C /* Array+Extensions.swift */,
				27664F4B24443DD5001EF88C /* Assets.xcassets */,
				27664F5024443DD5001EF88C /* LaunchScreen.storyboard */,
				27664F5324443DD5001EF88C /* Info.plist */,
				27664F4D24443DD5001EF88C /* Preview Content */,
			);
			path = 02_Grid;
			sourceTree = "<group>";
		};
		27664F4D24443DD5001EF88C /* Preview Content */ = {
			isa = PBXGroup;
			children = (
				27664F4E24443DD5001EF88C /* Preview Assets.xcassets */,
			);
			path = "Preview Content";
			sourceTree = "<group>";
		};
/* End PBXGroup section */

/* Begin PBXNativeTarget section */
		27664F4124443DD3001EF88C /* 02_Grid */ = {
			isa = PBXNativeTarget;
			buildConfigurationList = 27664F5624443DD5001EF88C /* Build configuration list for PBXNativeTarget "02_Grid" */;
			buildPhases = (
				27664F3E24443DD3001EF88C /* Sources */,
				27664F3F24443DD3001EF88C /* Frameworks */,
				27664F4024443DD3001EF88C /* Resources */,
			);
			buildRules = (
			);
			dependencies = (
			);
			name = 02_Grid;
			productName = 02_Grid;
			productReference = 27664F4224443DD3001EF88C /* 02_Grid.app */;
			productType = "com.apple.product-type.application";
		};
/* End PBXNativeTarget section */

/* Begin PBXProject section */
		27664F3A24443DD3001EF88C /* Project object */ = {
			isa = PBXProject;
			attributes = {
				LastSwiftUpdateCheck = 1140;
				LastUpgradeCheck = 1140;
				ORGANIZATIONNAME = "Mikhail Dmitriev";
				TargetAttributes = {
					27664F4124443DD3001EF88C = {
						CreatedOnToolsVersion = 11.4;
					};
				};
			};
			buildConfigurationList = 27664F3D24443DD3001EF88C /* Build configuration list for PBXProject "02_Grid" */;
			compatibilityVersion = "Xcode 9.3";
			developmentRegion = en;
			hasScannedForEncodings = 0;
			knownRegions = (
				en,
				Base,
			);
			mainGroup = 27664F3924443DD3001EF88C;
			productRefGroup = 27664F4324443DD3001EF88C /* Products */;
			projectDirPath = "";
			projectRoot = "";
			targets = (
				27664F4124443DD3001EF88C /* 02_Grid */,
			);
		};
/* End PBXProject section */

/* Begin PBXResourcesBuildPhase section */
		27664F4024443DD3001EF88C /* Resources */ = {
			isa = PBXResourcesBuildPhase;
			buildActionMask = 2147483647;
			files = (
				27664F5224443DD5001EF88C /* LaunchScreen.storyboard in Resources */,
				27664F4F24443DD5001EF88C /* Preview Assets.xcassets in Resources */,
				27664F4C24443DD5001EF88C /* Assets.xcassets in Resources */,
			);
			runOnlyForDeploymentPostprocessing = 0;
		};
/* End PBXResourcesBuildPhase section */

/* Begin PBXSourcesBuildPhase section */
		27664F3E24443DD3001EF88C /* Sources */ = {
			isa = PBXSourcesBuildPhase;
			buildActionMask = 2147483647;
			files = (
				27664F4624443DD3001EF88C /* AppDelegate.swift in Sources */,
				27664F5C244441C6001EF88C /* Array+Extensions.swift in Sources */,
				27664F5A2444409E001EF88C /* Dish.swift in Sources */,
				27664F4824443DD3001EF88C /* SceneDelegate.swift in Sources */,
				27664F4A24443DD3001EF88C /* ContentView.swift in Sources */,
			);
			runOnlyForDeploymentPostprocessing = 0;
		};
/* End PBXSourcesBuildPhase section */

/* Begin PBXVariantGroup section */
		27664F5024443DD5001EF88C /* LaunchScreen.storyboard */ = {
			isa = PBXVariantGroup;
			children = (
				27664F5124443DD5001EF88C /* Base */,
			);
			name = LaunchScreen.storyboard;
			sourceTree = "<group>";
		};
/* End PBXVariantGroup section */

/* Begin XCBuildConfiguration section */
		27664F5424443DD5001EF88C /* Debug */ = {
			isa = XCBuildConfiguration;
			buildSettings = {
				ALWAYS_SEARCH_USER_PATHS = NO;
				CLANG_ANALYZER_NONNULL = YES;
				CLANG_ANALYZER_NUMBER_OBJECT_CONVERSION = YES_AGGRESSIVE;
				CLANG_CXX_LANGUAGE_STANDARD = "gnu++14";
				CLANG_CXX_LIBRARY = "libc++";
				CLANG_ENABLE_MODULES = YES;
				CLANG_ENABLE_OBJC_ARC = YES;
				CLANG_ENABLE_OBJC_WEAK = YES;
				CLANG_WARN_BLOCK_CAPTURE_AUTORELEASING = YES;
				CLANG_WARN_BOOL_CONVERSION = YES;
				CLANG_WARN_COMMA = YES;
				CLANG_WARN_CONSTANT_CONVERSION = YES;
				CLANG_WARN_DEPRECATED_OBJC_IMPLEMENTATIONS = YES;
				CLANG_WARN_DIRECT_OBJC_ISA_USAGE = YES_ERROR;
				CLANG_WARN_DOCUMENTATION_COMMENTS = YES;
				CLANG_WARN_EMPTY_BODY = YES;
				CLANG_WARN_ENUM_CONVERSION = YES;
				CLANG_WARN_INFINITE_RECURSION = YES;
				CLANG_WARN_INT_CONVERSION = YES;
				CLANG_WARN_NON_LITERAL_NULL_CONVERSION = YES;
				CLANG_WARN_OBJC_IMPLICIT_RETAIN_SELF = YES;
				CLANG_WARN_OBJC_LITERAL_CONVERSION = YES;
				CLANG_WARN_OBJC_ROOT_CLASS = YES_ERROR;
				CLANG_WARN_RANGE_LOOP_ANALYSIS = YES;
				CLANG_WARN_STRICT_PROTOTYPES = YES;
				CLANG_WARN_SUSPICIOUS_MOVE = YES;
				CLANG_WARN_UNGUARDED_AVAILABILITY = YES_AGGRESSIVE;
				CLANG_WARN_UNREACHABLE_CODE = YES;
				CLANG_WARN__DUPLICATE_METHOD_MATCH = YES;
				COPY_PHASE_STRIP = NO;
				DEBUG_INFORMATION_FORMAT = dwarf;
				ENABLE_STRICT_OBJC_MSGSEND = YES;
				ENABLE_TESTABILITY = YES;
				GCC_C_LANGUAGE_STANDARD = gnu11;
				GCC_DYNAMIC_NO_PIC = NO;
				GCC_NO_COMMON_BLOCKS = YES;
				GCC_OPTIMIZATION_LEVEL = 0;
				GCC_PREPROCESSOR_DEFINITIONS = (
					"DEBUG=1",
					"$(inherited)",
				);
				GCC_WARN_64_TO_32_BIT_CONVERSION = YES;
				GCC_WARN_ABOUT_RETURN_TYPE = YES_ERROR;
				GCC_WARN_UNDECLARED_SELECTOR = YES;
				GCC_WARN_UNINITIALIZED_AUTOS = YES_AGGRESSIVE;
				GCC_WARN_UNUSED_FUNCTION = YES;
				GCC_WARN_UNUSED_VARIABLE = YES;
				IPHONEOS_DEPLOYMENT_TARGET = 13.4;
				MTL_ENABLE_DEBUG_INFO = INCLUDE_SOURCE;
				MTL_FAST_MATH = YES;
				ONLY_ACTIVE_ARCH = YES;
				SDKROOT = iphoneos;
				SWIFT_ACTIVE_COMPILATION_CONDITIONS = DEBUG;
				SWIFT_OPTIMIZATION_LEVEL = "-Onone";
			};
			name = Debug;
		};
		27664F5524443DD5001EF88C /* Release */ = {
			isa = XCBuildConfiguration;
			buildSettings = {
				ALWAYS_SEARCH_USER_PATHS = NO;
				CLANG_ANALYZER_NONNULL = YES;
				CLANG_ANALYZER_NUMBER_OBJECT_CONVERSION = YES_AGGRESSIVE;
				CLANG_CXX_LANGUAGE_STANDARD = "gnu++14";
				CLANG_CXX_LIBRARY = "libc++";
				CLANG_ENABLE_MODULES = YES;
				CLANG_ENABLE_OBJC_ARC = YES;
				CLANG_ENABLE_OBJC_WEAK = YES;
				CLANG_WARN_BLOCK_CAPTURE_AUTORELEASING = YES;
				CLANG_WARN_BOOL_CONVERSION = YES;
				CLANG_WARN_COMMA = YES;
				CLANG_WARN_CONSTANT_CONVERSION = YES;
				CLANG_WARN_DEPRECATED_OBJC_IMPLEMENTATIONS = YES;
				CLANG_WARN_DIRECT_OBJC_ISA_USAGE = YES_ERROR;
				CLANG_WARN_DOCUMENTATION_COMMENTS = YES;
				CLANG_WARN_EMPTY_BODY = YES;
				CLANG_WARN_ENUM_CONVERSION = YES;
				CLANG_WARN_INFINITE_RECURSION = YES;
				CLANG_WARN_INT_CONVERSION = YES;
				CLANG_WARN_NON_LITERAL_NULL_CONVERSION = YES;
				CLANG_WARN_OBJC_IMPLICIT_RETAIN_SELF = YES;
				CLANG_WARN_OBJC_LITERAL_CONVERSION = YES;
				CLANG_WARN_OBJC_ROOT_CLASS = YES_ERROR;
				CLANG_WARN_RANGE_LOOP_ANALYSIS = YES;
				CLANG_WARN_STRICT_PROTOTYPES = YES;
				CLANG_WARN_SUSPICIOUS_MOVE = YES;
				CLANG_WARN_UNGUARDED_AVAILABILITY = YES_AGGRESSIVE;
				CLANG_WARN_UNREACHABLE_CODE = YES;
				CLANG_WARN__DUPLICATE_METHOD_MATCH = YES;
				COPY_PHASE_STRIP = NO;
				DEBUG_INFORMATION_FORMAT = "dwarf-with-dsym";
				ENABLE_NS_ASSERTIONS = NO;
				ENABLE_STRICT_OBJC_MSGSEND = YES;
				GCC_C_LANGUAGE_STANDARD = gnu11;
				GCC_NO_COMMON_BLOCKS = YES;
				GCC_WARN_64_TO_32_BIT_CONVERSION = YES;
				GCC_WARN_ABOUT_RETURN_TYPE = YES_ERROR;
				GCC_WARN_UNDECLARED_SELECTOR = YES;
				GCC_WARN_UNINITIALIZED_AUTOS = YES_AGGRESSIVE;
				GCC_WARN_UNUSED_FUNCTION = YES;
				GCC_WARN_UNUSED_VARIABLE = YES;
				IPHONEOS_DEPLOYMENT_TARGET = 13.4;
				MTL_ENABLE_DEBUG_INFO = NO;
				MTL_FAST_MATH = YES;
				SDKROOT = iphoneos;
				SWIFT_COMPILATION_MODE = wholemodule;
				SWIFT_OPTIMIZATION_LEVEL = "-O";
				VALIDATE_PRODUCT = YES;
			};
			name = Release;
		};
		27664F5724443DD5001EF88C /* Debug */ = {
			isa = XCBuildConfiguration;
			buildSettings = {
				ASSETCATALOG_COMPILER_APPICON_NAME = AppIcon;
				CODE_SIGN_STYLE = Automatic;
				DEVELOPMENT_ASSET_PATHS = "\"02_Grid/Preview Content\"";
				DEVELOPMENT_TEAM = BNVRX9T4P8;
				ENABLE_PREVIEWS = YES;
				INFOPLIST_FILE = 02_Grid/Info.plist;
				LD_RUNPATH_SEARCH_PATHS = (
					"$(inherited)",
					"@executable_path/Frameworks",
				);
				PRODUCT_BUNDLE_IDENTIFIER = "Mike-s-Team.-2-Grid";
				PRODUCT_NAME = "$(TARGET_NAME)";
				SWIFT_VERSION = 5.0;
				TARGETED_DEVICE_FAMILY = "1,2";
			};
			name = Debug;
		};
		27664F5824443DD5001EF88C /* Release */ = {
			isa = XCBuildConfiguration;
			buildSettings = {
				ASSETCATALOG_COMPILER_APPICON_NAME = AppIcon;
				CODE_SIGN_STYLE = Automatic;
				DEVELOPMENT_ASSET_PATHS = "\"02_Grid/Preview Content\"";
				DEVELOPMENT_TEAM = BNVRX9T4P8;
				ENABLE_PREVIEWS = YES;
				INFOPLIST_FILE = 02_Grid/Info.plist;
				LD_RUNPATH_SEARCH_PATHS = (
					"$(inherited)",
					"@executable_path/Frameworks",
				);
				PRODUCT_BUNDLE_IDENTIFIER = "Mike-s-Team.-2-Grid";
				PRODUCT_NAME = "$(TARGET_NAME)";
				SWIFT_VERSION = 5.0;
				TARGETED_DEVICE_FAMILY = "1,2";
			};
			name = Release;
		};
/* End XCBuildConfiguration section */

/* Begin XCConfigurationList section */
		27664F3D24443DD3001EF88C /* Build configuration list for PBXProject "02_Grid" */ = {
			isa = XCConfigurationList;
			buildConfigurations = (
				27664F5424443DD5001EF88C /* Debug */,
				27664F5524443DD5001EF88C /* Release */,
			);
			defaultConfigurationIsVisible = 0;
			defaultConfigurationName = Release;
		};
		27664F5624443DD5001EF88C /* Build configuration list for PBXNativeTarget "02_Grid" */ = {
			isa = XCConfigurationList;
			buildConfigurations = (
				27664F5724443DD5001EF88C /* Debug */,
				27664F5824443DD5001EF88C /* Release */,
			);
			defaultConfigurationIsVisible = 0;
			defaultConfigurationName = Release;
		};
/* End XCConfigurationList section */
	};
	rootObject = 27664F3A24443DD3001EF88C /* Project object */;
}
