// !$*UTF8*$!
{
	archiveVersion = 1;
	classes = {
	};
	objectVersion = 50;
	objects = {

/* Begin PBXBuildFile section */
		27665039244481D0001EF88C /* AppDelegate.swift in Sources */ = {isa = PBXBuildFile; fileRef = 27665038244481D0001EF88C /* AppDelegate.swift */; };
		2766503B244481D0001EF88C /* SceneDelegate.swift in Sources */ = {isa = PBXBuildFile; fileRef = 2766503A244481D0001EF88C /* SceneDelegate.swift */; };
		2766503D244481D0001EF88C /* ContentView.swift in Sources */ = {isa = PBXBuildFile; fileRef = 2766503C244481D0001EF88C /* ContentView.swift */; };
		2766503F244481D2001EF88C /* Assets.xcassets in Resources */ = {isa = PBXBuildFile; fileRef = 2766503E244481D2001EF88C /* Assets.xcassets */; };
		27665042244481D2001EF88C /* Preview Assets.xcassets in Resources */ = {isa = PBXBuildFile; fileRef = 27665041244481D2001EF88C /* Preview Assets.xcassets */; };
		27665045244481D2001EF88C /* LaunchScreen.storyboard in Resources */ = {isa = PBXBuildFile; fileRef = 27665043244481D2001EF88C /* LaunchScreen.storyboard */; };
		2766504E24448230001EF88C /* Weather.swift in Sources */ = {isa = PBXBuildFile; fileRef = 2766504D24448230001EF88C /* Weather.swift */; };
		2766505124448378001EF88C /* WeatherService.swift in Sources */ = {isa = PBXBuildFile; fileRef = 2766505024448378001EF88C /* WeatherService.swift */; };
		2766505424448873001EF88C /* WeatherViewModel.swift in Sources */ = {isa = PBXBuildFile; fileRef = 2766505324448873001EF88C /* WeatherViewModel.swift */; };
/* End PBXBuildFile section */

/* Begin PBXFileReference section */
		27665035244481D0001EF88C /* 09_API-Weather.app */ = {isa = PBXFileReference; explicitFileType = wrapper.application; includeInIndex = 0; path = "09_API-Weather.app"; sourceTree = BUILT_PRODUCTS_DIR; };
		27665038244481D0001EF88C /* AppDelegate.swift */ = {isa = PBXFileReference; lastKnownFileType = sourcecode.swift; path = AppDelegate.swift; sourceTree = "<group>"; };
		2766503A244481D0001EF88C /* SceneDelegate.swift */ = {isa = PBXFileReference; lastKnownFileType = sourcecode.swift; path = SceneDelegate.swift; sourceTree = "<group>"; };
		2766503C244481D0001EF88C /* ContentView.swift */ = {isa = PBXFileReference; lastKnownFileType = sourcecode.swift; path = ContentView.swift; sourceTree = "<group>"; };
		2766503E244481D2001EF88C /* Assets.xcassets */ = {isa = PBXFileReference; lastKnownFileType = folder.assetcatalog; path = Assets.xcassets; sourceTree = "<group>"; };
		27665041244481D2001EF88C /* Preview Assets.xcassets */ = {isa = PBXFileReference; lastKnownFileType = folder.assetcatalog; path = "Preview Assets.xcassets"; sourceTree = "<group>"; };
		27665044244481D2001EF88C /* Base */ = {isa = PBXFileReference; lastKnownFileType = file.storyboard; name = Base; path = Base.lproj/LaunchScreen.storyboard; sourceTree = "<group>"; };
		27665046244481D2001EF88C /* Info.plist */ = {isa = PBXFileReference; lastKnownFileType = text.plist.xml; path = Info.plist; sourceTree = "<group>"; };
		2766504D24448230001EF88C /* Weather.swift */ = {isa = PBXFileReference; lastKnownFileType = sourcecode.swift; path = Weather.swift; sourceTree = "<group>"; };
		2766505024448378001EF88C /* WeatherService.swift */ = {isa = PBXFileReference; lastKnownFileType = sourcecode.swift; path = WeatherService.swift; sourceTree = "<group>"; };
		2766505324448873001EF88C /* WeatherViewModel.swift */ = {isa = PBXFileReference; lastKnownFileType = sourcecode.swift; path = WeatherViewModel.swift; sourceTree = "<group>"; };
/* End PBXFileReference section */

/* Begin PBXFrameworksBuildPhase section */
		27665032244481D0001EF88C /* Frameworks */ = {
			isa = PBXFrameworksBuildPhase;
			buildActionMask = 2147483647;
			files = (
			);
			runOnlyForDeploymentPostprocessing = 0;
		};
/* End PBXFrameworksBuildPhase section */

/* Begin PBXGroup section */
		2766502C244481D0001EF88C = {
			isa = PBXGroup;
			children = (
				27665037244481D0001EF88C /* 09_API-Weather */,
				27665036244481D0001EF88C /* Products */,
			);
			sourceTree = "<group>";
		};
		27665036244481D0001EF88C /* Products */ = {
			isa = PBXGroup;
			children = (
				27665035244481D0001EF88C /* 09_API-Weather.app */,
			);
			name = Products;
			sourceTree = "<group>";
		};
		27665037244481D0001EF88C /* 09_API-Weather */ = {
			isa = PBXGroup;
			children = (
				276650522444885F001EF88C /* View Models */,
				2766504F24448365001EF88C /* Services */,
				2766504C24448213001EF88C /* Models */,
				27665038244481D0001EF88C /* AppDelegate.swift */,
				2766503A244481D0001EF88C /* SceneDelegate.swift */,
				2766503C244481D0001EF88C /* ContentView.swift */,
				2766503E244481D2001EF88C /* Assets.xcassets */,
				27665043244481D2001EF88C /* LaunchScreen.storyboard */,
				27665046244481D2001EF88C /* Info.plist */,
				27665040244481D2001EF88C /* Preview Content */,
			);
			path = "09_API-Weather";
			sourceTree = "<group>";
		};
		27665040244481D2001EF88C /* Preview Content */ = {
			isa = PBXGroup;
			children = (
				27665041244481D2001EF88C /* Preview Assets.xcassets */,
			);
			path = "Preview Content";
			sourceTree = "<group>";
		};
		2766504C24448213001EF88C /* Models */ = {
			isa = PBXGroup;
			children = (
				2766504D24448230001EF88C /* Weather.swift */,
			);
			path = Models;
			sourceTree = "<group>";
		};
		2766504F24448365001EF88C /* Services */ = {
			isa = PBXGroup;
			children = (
				2766505024448378001EF88C /* WeatherService.swift */,
			);
			path = Services;
			sourceTree = "<group>";
		};
		276650522444885F001EF88C /* View Models */ = {
			isa = PBXGroup;
			children = (
				2766505324448873001EF88C /* WeatherViewModel.swift */,
			);
			path = "View Models";
			sourceTree = "<group>";
		};
/* End PBXGroup section */

/* Begin PBXNativeTarget section */
		27665034244481D0001EF88C /* 09_API-Weather */ = {
			isa = PBXNativeTarget;
			buildConfigurationList = 27665049244481D2001EF88C /* Build configuration list for PBXNativeTarget "09_API-Weather" */;
			buildPhases = (
				27665031244481D0001EF88C /* Sources */,
				27665032244481D0001EF88C /* Frameworks */,
				27665033244481D0001EF88C /* Resources */,
			);
			buildRules = (
			);
			dependencies = (
			);
			name = "09_API-Weather";
			productName = "09_API-Weather";
			productReference = 27665035244481D0001EF88C /* 09_API-Weather.app */;
			productType = "com.apple.product-type.application";
		};
/* End PBXNativeTarget section */

/* Begin PBXProject section */
		2766502D244481D0001EF88C /* Project object */ = {
			isa = PBXProject;
			attributes = {
				LastSwiftUpdateCheck = 1140;
				LastUpgradeCheck = 1140;
				ORGANIZATIONNAME = "Mikhail Dmitriev";
				TargetAttributes = {
					27665034244481D0001EF88C = {
						CreatedOnToolsVersion = 11.4;
					};
				};
			};
			buildConfigurationList = 27665030244481D0001EF88C /* Build configuration list for PBXProject "09_API-Weather" */;
			compatibilityVersion = "Xcode 9.3";
			developmentRegion = en;
			hasScannedForEncodings = 0;
			knownRegions = (
				en,
				Base,
			);
			mainGroup = 2766502C244481D0001EF88C;
			productRefGroup = 27665036244481D0001EF88C /* Products */;
			projectDirPath = "";
			projectRoot = "";
			targets = (
				27665034244481D0001EF88C /* 09_API-Weather */,
			);
		};
/* End PBXProject section */

/* Begin PBXResourcesBuildPhase section */
		27665033244481D0001EF88C /* Resources */ = {
			isa = PBXResourcesBuildPhase;
			buildActionMask = 2147483647;
			files = (
				27665045244481D2001EF88C /* LaunchScreen.storyboard in Resources */,
				27665042244481D2001EF88C /* Preview Assets.xcassets in Resources */,
				2766503F244481D2001EF88C /* Assets.xcassets in Resources */,
			);
			runOnlyForDeploymentPostprocessing = 0;
		};
/* End PBXResourcesBuildPhase section */

/* Begin PBXSourcesBuildPhase section */
		27665031244481D0001EF88C /* Sources */ = {
			isa = PBXSourcesBuildPhase;
			buildActionMask = 2147483647;
			files = (
				2766505124448378001EF88C /* WeatherService.swift in Sources */,
				2766505424448873001EF88C /* WeatherViewModel.swift in Sources */,
				2766504E24448230001EF88C /* Weather.swift in Sources */,
				27665039244481D0001EF88C /* AppDelegate.swift in Sources */,
				2766503B244481D0001EF88C /* SceneDelegate.swift in Sources */,
				2766503D244481D0001EF88C /* ContentView.swift in Sources */,
			);
			runOnlyForDeploymentPostprocessing = 0;
		};
/* End PBXSourcesBuildPhase section */

/* Begin PBXVariantGroup section */
		27665043244481D2001EF88C /* LaunchScreen.storyboard */ = {
			isa = PBXVariantGroup;
			children = (
				27665044244481D2001EF88C /* Base */,
			);
			name = LaunchScreen.storyboard;
			sourceTree = "<group>";
		};
/* End PBXVariantGroup section */

/* Begin XCBuildConfiguration section */
		27665047244481D2001EF88C /* Debug */ = {
			isa = XCBuildConfiguration;
			buildSettings = {
				ALWAYS_SEARCH_USER_PATHS = NO;
				CLANG_ANALYZER_NONNULL = YES;
				CLANG_ANALYZER_NUMBER_OBJECT_CONVERSION = YES_AGGRESSIVE;
				CLANG_CXX_LANGUAGE_STANDARD = "gnu++14";
				CLANG_CXX_LIBRARY = "libc++";
				CLANG_ENABLE_MODULES = YES;
				CLANG_ENABLE_OBJC_ARC = YES;
				CLANG_ENABLE_OBJC_WEAK = YES;
				CLANG_WARN_BLOCK_CAPTURE_AUTORELEASING = YES;
				CLANG_WARN_BOOL_CONVERSION = YES;
				CLANG_WARN_COMMA = YES;
				CLANG_WARN_CONSTANT_CONVERSION = YES;
				CLANG_WARN_DEPRECATED_OBJC_IMPLEMENTATIONS = YES;
				CLANG_WARN_DIRECT_OBJC_ISA_USAGE = YES_ERROR;
				CLANG_WARN_DOCUMENTATION_COMMENTS = YES;
				CLANG_WARN_EMPTY_BODY = YES;
				CLANG_WARN_ENUM_CONVERSION = YES;
				CLANG_WARN_INFINITE_RECURSION = YES;
				CLANG_WARN_INT_CONVERSION = YES;
				CLANG_WARN_NON_LITERAL_NULL_CONVERSION = YES;
				CLANG_WARN_OBJC_IMPLICIT_RETAIN_SELF = YES;
				CLANG_WARN_OBJC_LITERAL_CONVERSION = YES;
				CLANG_WARN_OBJC_ROOT_CLASS = YES_ERROR;
				CLANG_WARN_RANGE_LOOP_ANALYSIS = YES;
				CLANG_WARN_STRICT_PROTOTYPES = YES;
				CLANG_WARN_SUSPICIOUS_MOVE = YES;
				CLANG_WARN_UNGUARDED_AVAILABILITY = YES_AGGRESSIVE;
				CLANG_WARN_UNREACHABLE_CODE = YES;
				CLANG_WARN__DUPLICATE_METHOD_MATCH = YES;
				COPY_PHASE_STRIP = NO;
				DEBUG_INFORMATION_FORMAT = dwarf;
				ENABLE_STRICT_OBJC_MSGSEND = YES;
				ENABLE_TESTABILITY = YES;
				GCC_C_LANGUAGE_STANDARD = gnu11;
				GCC_DYNAMIC_NO_PIC = NO;
				GCC_NO_COMMON_BLOCKS = YES;
				GCC_OPTIMIZATION_LEVEL = 0;
				GCC_PREPROCESSOR_DEFINITIONS = (
					"DEBUG=1",
					"$(inherited)",
				);
				GCC_WARN_64_TO_32_BIT_CONVERSION = YES;
				GCC_WARN_ABOUT_RETURN_TYPE = YES_ERROR;
				GCC_WARN_UNDECLARED_SELECTOR = YES;
				GCC_WARN_UNINITIALIZED_AUTOS = YES_AGGRESSIVE;
				GCC_WARN_UNUSED_FUNCTION = YES;
				GCC_WARN_UNUSED_VARIABLE = YES;
				IPHONEOS_DEPLOYMENT_TARGET = 13.4;
				MTL_ENABLE_DEBUG_INFO = INCLUDE_SOURCE;
				MTL_FAST_MATH = YES;
				ONLY_ACTIVE_ARCH = YES;
				SDKROOT = iphoneos;
				SWIFT_ACTIVE_COMPILATION_CONDITIONS = DEBUG;
				SWIFT_OPTIMIZATION_LEVEL = "-Onone";
			};
			name = Debug;
		};
		27665048244481D2001EF88C /* Release */ = {
			isa = XCBuildConfiguration;
			buildSettings = {
				ALWAYS_SEARCH_USER_PATHS = NO;
				CLANG_ANALYZER_NONNULL = YES;
				CLANG_ANALYZER_NUMBER_OBJECT_CONVERSION = YES_AGGRESSIVE;
				CLANG_CXX_LANGUAGE_STANDARD = "gnu++14";
				CLANG_CXX_LIBRARY = "libc++";
				CLANG_ENABLE_MODULES = YES;
				CLANG_ENABLE_OBJC_ARC = YES;
				CLANG_ENABLE_OBJC_WEAK = YES;
				CLANG_WARN_BLOCK_CAPTURE_AUTORELEASING = YES;
				CLANG_WARN_BOOL_CONVERSION = YES;
				CLANG_WARN_COMMA = YES;
				CLANG_WARN_CONSTANT_CONVERSION = YES;
				CLANG_WARN_DEPRECATED_OBJC_IMPLEMENTATIONS = YES;
				CLANG_WARN_DIRECT_OBJC_ISA_USAGE = YES_ERROR;
				CLANG_WARN_DOCUMENTATION_COMMENTS = YES;
				CLANG_WARN_EMPTY_BODY = YES;
				CLANG_WARN_ENUM_CONVERSION = YES;
				CLANG_WARN_INFINITE_RECURSION = YES;
				CLANG_WARN_INT_CONVERSION = YES;
				CLANG_WARN_NON_LITERAL_NULL_CONVERSION = YES;
				CLANG_WARN_OBJC_IMPLICIT_RETAIN_SELF = YES;
				CLANG_WARN_OBJC_LITERAL_CONVERSION = YES;
				CLANG_WARN_OBJC_ROOT_CLASS = YES_ERROR;
				CLANG_WARN_RANGE_LOOP_ANALYSIS = YES;
				CLANG_WARN_STRICT_PROTOTYPES = YES;
				CLANG_WARN_SUSPICIOUS_MOVE = YES;
				CLANG_WARN_UNGUARDED_AVAILABILITY = YES_AGGRESSIVE;
				CLANG_WARN_UNREACHABLE_CODE = YES;
				CLANG_WARN__DUPLICATE_METHOD_MATCH = YES;
				COPY_PHASE_STRIP = NO;
				DEBUG_INFORMATION_FORMAT = "dwarf-with-dsym";
				ENABLE_NS_ASSERTIONS = NO;
				ENABLE_STRICT_OBJC_MSGSEND = YES;
				GCC_C_LANGUAGE_STANDARD = gnu11;
				GCC_NO_COMMON_BLOCKS = YES;
				GCC_WARN_64_TO_32_BIT_CONVERSION = YES;
				GCC_WARN_ABOUT_RETURN_TYPE = YES_ERROR;
				GCC_WARN_UNDECLARED_SELECTOR = YES;
				GCC_WARN_UNINITIALIZED_AUTOS = YES_AGGRESSIVE;
				GCC_WARN_UNUSED_FUNCTION = YES;
				GCC_WARN_UNUSED_VARIABLE = YES;
				IPHONEOS_DEPLOYMENT_TARGET = 13.4;
				MTL_ENABLE_DEBUG_INFO = NO;
				MTL_FAST_MATH = YES;
				SDKROOT = iphoneos;
				SWIFT_COMPILATION_MODE = wholemodule;
				SWIFT_OPTIMIZATION_LEVEL = "-O";
				VALIDATE_PRODUCT = YES;
			};
			name = Release;
		};
		2766504A244481D2001EF88C /* Debug */ = {
			isa = XCBuildConfiguration;
			buildSettings = {
				ASSETCATALOG_COMPILER_APPICON_NAME = AppIcon;
				CODE_SIGN_STYLE = Automatic;
				DEVELOPMENT_ASSET_PATHS = "\"09_API-Weather/Preview Content\"";
				DEVELOPMENT_TEAM = BNVRX9T4P8;
				ENABLE_PREVIEWS = YES;
				INFOPLIST_FILE = "09_API-Weather/Info.plist";
				LD_RUNPATH_SEARCH_PATHS = (
					"$(inherited)",
					"@executable_path/Frameworks",
				);
				PRODUCT_BUNDLE_IDENTIFIER = "Mike-s-Team.-9-API-Weather";
				PRODUCT_NAME = "$(TARGET_NAME)";
				SWIFT_VERSION = 5.0;
				TARGETED_DEVICE_FAMILY = "1,2";
			};
			name = Debug;
		};
		2766504B244481D2001EF88C /* Release */ = {
			isa = XCBuildConfiguration;
			buildSettings = {
				ASSETCATALOG_COMPILER_APPICON_NAME = AppIcon;
				CODE_SIGN_STYLE = Automatic;
				DEVELOPMENT_ASSET_PATHS = "\"09_API-Weather/Preview Content\"";
				DEVELOPMENT_TEAM = BNVRX9T4P8;
				ENABLE_PREVIEWS = YES;
				INFOPLIST_FILE = "09_API-Weather/Info.plist";
				LD_RUNPATH_SEARCH_PATHS = (
					"$(inherited)",
					"@executable_path/Frameworks",
				);
				PRODUCT_BUNDLE_IDENTIFIER = "Mike-s-Team.-9-API-Weather";
				PRODUCT_NAME = "$(TARGET_NAME)";
				SWIFT_VERSION = 5.0;
				TARGETED_DEVICE_FAMILY = "1,2";
			};
			name = Release;
		};
/* End XCBuildConfiguration section */

/* Begin XCConfigurationList section */
		27665030244481D0001EF88C /* Build configuration list for PBXProject "09_API-Weather" */ = {
			isa = XCConfigurationList;
			buildConfigurations = (
				27665047244481D2001EF88C /* Debug */,
				27665048244481D2001EF88C /* Release */,
			);
			defaultConfigurationIsVisible = 0;
			defaultConfigurationName = Release;
		};
		27665049244481D2001EF88C /* Build configuration list for PBXNativeTarget "09_API-Weather" */ = {
			isa = XCConfigurationList;
			buildConfigurations = (
				2766504A244481D2001EF88C /* Debug */,
				2766504B244481D2001EF88C /* Release */,
			);
			defaultConfigurationIsVisible = 0;
			defaultConfigurationName = Release;
		};
/* End XCConfigurationList section */
	};
	rootObject = 2766502D244481D0001EF88C /* Project object */;
}
